// !$*UTF8*$!
{
	archiveVersion = 1;
	classes = {
	};
	objectVersion = 46;
	objects = {

/* Begin PBXBuildFile section */
		A9B267961CCD0A1F00BBA4C4 /* AppDelegate.swift in Sources */ = {isa = PBXBuildFile; fileRef = A9B267951CCD0A1F00BBA4C4 /* AppDelegate.swift */; };
		A9B267981CCD0A1F00BBA4C4 /* ViewController.swift in Sources */ = {isa = PBXBuildFile; fileRef = A9B267971CCD0A1F00BBA4C4 /* ViewController.swift */; };
		A9B2679B1CCD0A1F00BBA4C4 /* Main.storyboard in Resources */ = {isa = PBXBuildFile; fileRef = A9B267991CCD0A1F00BBA4C4 /* Main.storyboard */; };
		A9B2679D1CCD0A1F00BBA4C4 /* Assets.xcassets in Resources */ = {isa = PBXBuildFile; fileRef = A9B2679C1CCD0A1F00BBA4C4 /* Assets.xcassets */; };
		A9B267A01CCD0A1F00BBA4C4 /* LaunchScreen.storyboard in Resources */ = {isa = PBXBuildFile; fileRef = A9B2679E1CCD0A1F00BBA4C4 /* LaunchScreen.storyboard */; };
		A9B267AB1CCD0A1F00BBA4C4 /* iDeliverMobileTests.swift in Sources */ = {isa = PBXBuildFile; fileRef = A9B267AA1CCD0A1F00BBA4C4 /* iDeliverMobileTests.swift */; };
		A9B267B61CCD0A1F00BBA4C4 /* iDeliverMobileUITests.swift in Sources */ = {isa = PBXBuildFile; fileRef = A9B267B51CCD0A1F00BBA4C4 /* iDeliverMobileUITests.swift */; };
/* End PBXBuildFile section */

/* Begin PBXContainerItemProxy section */
		A9B267A71CCD0A1F00BBA4C4 /* PBXContainerItemProxy */ = {
			isa = PBXContainerItemProxy;
			containerPortal = A9B2678A1CCD0A1F00BBA4C4 /* Project object */;
			proxyType = 1;
			remoteGlobalIDString = A9B267911CCD0A1F00BBA4C4;
			remoteInfo = iDeliverMobile;
		};
		A9B267B21CCD0A1F00BBA4C4 /* PBXContainerItemProxy */ = {
			isa = PBXContainerItemProxy;
			containerPortal = A9B2678A1CCD0A1F00BBA4C4 /* Project object */;
			proxyType = 1;
			remoteGlobalIDString = A9B267911CCD0A1F00BBA4C4;
			remoteInfo = iDeliverMobile;
		};
/* End PBXContainerItemProxy section */

/* Begin PBXFileReference section */
		A9B267921CCD0A1F00BBA4C4 /* iDeliverMobile.app */ = {isa = PBXFileReference; explicitFileType = wrapper.application; includeInIndex = 0; path = iDeliverMobile.app; sourceTree = BUILT_PRODUCTS_DIR; };
		A9B267951CCD0A1F00BBA4C4 /* AppDelegate.swift */ = {isa = PBXFileReference; lastKnownFileType = sourcecode.swift; path = AppDelegate.swift; sourceTree = "<group>"; };
		A9B267971CCD0A1F00BBA4C4 /* ViewController.swift */ = {isa = PBXFileReference; lastKnownFileType = sourcecode.swift; path = ViewController.swift; sourceTree = "<group>"; };
		A9B2679A1CCD0A1F00BBA4C4 /* Base */ = {isa = PBXFileReference; lastKnownFileType = file.storyboard; name = Base; path = Base.lproj/Main.storyboard; sourceTree = "<group>"; };
		A9B2679C1CCD0A1F00BBA4C4 /* Assets.xcassets */ = {isa = PBXFileReference; lastKnownFileType = folder.assetcatalog; path = Assets.xcassets; sourceTree = "<group>"; };
		A9B2679F1CCD0A1F00BBA4C4 /* Base */ = {isa = PBXFileReference; lastKnownFileType = file.storyboard; name = Base; path = Base.lproj/LaunchScreen.storyboard; sourceTree = "<group>"; };
		A9B267A11CCD0A1F00BBA4C4 /* Info.plist */ = {isa = PBXFileReference; lastKnownFileType = text.plist.xml; path = Info.plist; sourceTree = "<group>"; };
		A9B267A61CCD0A1F00BBA4C4 /* iDeliverMobileTests.xctest */ = {isa = PBXFileReference; explicitFileType = wrapper.cfbundle; includeInIndex = 0; path = iDeliverMobileTests.xctest; sourceTree = BUILT_PRODUCTS_DIR; };
		A9B267AA1CCD0A1F00BBA4C4 /* iDeliverMobileTests.swift */ = {isa = PBXFileReference; lastKnownFileType = sourcecode.swift; path = iDeliverMobileTests.swift; sourceTree = "<group>"; };
		A9B267AC1CCD0A1F00BBA4C4 /* Info.plist */ = {isa = PBXFileReference; lastKnownFileType = text.plist.xml; path = Info.plist; sourceTree = "<group>"; };
		A9B267B11CCD0A1F00BBA4C4 /* iDeliverMobileUITests.xctest */ = {isa = PBXFileReference; explicitFileType = wrapper.cfbundle; includeInIndex = 0; path = iDeliverMobileUITests.xctest; sourceTree = BUILT_PRODUCTS_DIR; };
		A9B267B51CCD0A1F00BBA4C4 /* iDeliverMobileUITests.swift */ = {isa = PBXFileReference; lastKnownFileType = sourcecode.swift; path = iDeliverMobileUITests.swift; sourceTree = "<group>"; };
		A9B267B71CCD0A1F00BBA4C4 /* Info.plist */ = {isa = PBXFileReference; lastKnownFileType = text.plist.xml; path = Info.plist; sourceTree = "<group>"; };
/* End PBXFileReference section */

/* Begin PBXFrameworksBuildPhase section */
		A9B2678F1CCD0A1F00BBA4C4 /* Frameworks */ = {
			isa = PBXFrameworksBuildPhase;
			buildActionMask = 2147483647;
			files = (
			);
			runOnlyForDeploymentPostprocessing = 0;
		};
		A9B267A31CCD0A1F00BBA4C4 /* Frameworks */ = {
			isa = PBXFrameworksBuildPhase;
			buildActionMask = 2147483647;
			files = (
			);
			runOnlyForDeploymentPostprocessing = 0;
		};
		A9B267AE1CCD0A1F00BBA4C4 /* Frameworks */ = {
			isa = PBXFrameworksBuildPhase;
			buildActionMask = 2147483647;
			files = (
			);
			runOnlyForDeploymentPostprocessing = 0;
		};
/* End PBXFrameworksBuildPhase section */

/* Begin PBXGroup section */
		A9B267891CCD0A1F00BBA4C4 = {
			isa = PBXGroup;
			children = (
				A9B267941CCD0A1F00BBA4C4 /* iDeliverMobile */,
				A9B267A91CCD0A1F00BBA4C4 /* iDeliverMobileTests */,
				A9B267B41CCD0A1F00BBA4C4 /* iDeliverMobileUITests */,
				A9B267931CCD0A1F00BBA4C4 /* Products */,
			);
			sourceTree = "<group>";
		};
		A9B267931CCD0A1F00BBA4C4 /* Products */ = {
			isa = PBXGroup;
			children = (
				A9B267921CCD0A1F00BBA4C4 /* iDeliverMobile.app */,
				A9B267A61CCD0A1F00BBA4C4 /* iDeliverMobileTests.xctest */,
				A9B267B11CCD0A1F00BBA4C4 /* iDeliverMobileUITests.xctest */,
			);
			name = Products;
			sourceTree = "<group>";
		};
		A9B267941CCD0A1F00BBA4C4 /* iDeliverMobile */ = {
			isa = PBXGroup;
			children = (
				A9B267951CCD0A1F00BBA4C4 /* AppDelegate.swift */,
				A9B267971CCD0A1F00BBA4C4 /* ViewController.swift */,
				A9B267991CCD0A1F00BBA4C4 /* Main.storyboard */,
				A9B2679C1CCD0A1F00BBA4C4 /* Assets.xcassets */,
				A9B2679E1CCD0A1F00BBA4C4 /* LaunchScreen.storyboard */,
				A9B267A11CCD0A1F00BBA4C4 /* Info.plist */,
			);
			path = iDeliverMobile;
			sourceTree = "<group>";
		};
		A9B267A91CCD0A1F00BBA4C4 /* iDeliverMobileTests */ = {
			isa = PBXGroup;
			children = (
				A9B267AA1CCD0A1F00BBA4C4 /* iDeliverMobileTests.swift */,
				A9B267AC1CCD0A1F00BBA4C4 /* Info.plist */,
			);
			path = iDeliverMobileTests;
			sourceTree = "<group>";
		};
		A9B267B41CCD0A1F00BBA4C4 /* iDeliverMobileUITests */ = {
			isa = PBXGroup;
			children = (
				A9B267B51CCD0A1F00BBA4C4 /* iDeliverMobileUITests.swift */,
				A9B267B71CCD0A1F00BBA4C4 /* Info.plist */,
			);
			path = iDeliverMobileUITests;
			sourceTree = "<group>";
		};
/* End PBXGroup section */

/* Begin PBXNativeTarget section */
		A9B267911CCD0A1F00BBA4C4 /* iDeliverMobile */ = {
			isa = PBXNativeTarget;
			buildConfigurationList = A9B267BA1CCD0A1F00BBA4C4 /* Build configuration list for PBXNativeTarget "iDeliverMobile" */;
			buildPhases = (
				A9B2678E1CCD0A1F00BBA4C4 /* Sources */,
				A9B2678F1CCD0A1F00BBA4C4 /* Frameworks */,
				A9B267901CCD0A1F00BBA4C4 /* Resources */,
			);
			buildRules = (
			);
			dependencies = (
			);
			name = iDeliverMobile;
			productName = iDeliverMobile;
			productReference = A9B267921CCD0A1F00BBA4C4 /* iDeliverMobile.app */;
			productType = "com.apple.product-type.application";
		};
		A9B267A51CCD0A1F00BBA4C4 /* iDeliverMobileTests */ = {
			isa = PBXNativeTarget;
			buildConfigurationList = A9B267BD1CCD0A1F00BBA4C4 /* Build configuration list for PBXNativeTarget "iDeliverMobileTests" */;
			buildPhases = (
				A9B267A21CCD0A1F00BBA4C4 /* Sources */,
				A9B267A31CCD0A1F00BBA4C4 /* Frameworks */,
				A9B267A41CCD0A1F00BBA4C4 /* Resources */,
			);
			buildRules = (
			);
			dependencies = (
				A9B267A81CCD0A1F00BBA4C4 /* PBXTargetDependency */,
			);
			name = iDeliverMobileTests;
			productName = iDeliverMobileTests;
			productReference = A9B267A61CCD0A1F00BBA4C4 /* iDeliverMobileTests.xctest */;
			productType = "com.apple.product-type.bundle.unit-test";
		};
		A9B267B01CCD0A1F00BBA4C4 /* iDeliverMobileUITests */ = {
			isa = PBXNativeTarget;
			buildConfigurationList = A9B267C01CCD0A1F00BBA4C4 /* Build configuration list for PBXNativeTarget "iDeliverMobileUITests" */;
			buildPhases = (
				A9B267AD1CCD0A1F00BBA4C4 /* Sources */,
				A9B267AE1CCD0A1F00BBA4C4 /* Frameworks */,
				A9B267AF1CCD0A1F00BBA4C4 /* Resources */,
			);
			buildRules = (
			);
			dependencies = (
				A9B267B31CCD0A1F00BBA4C4 /* PBXTargetDependency */,
			);
			name = iDeliverMobileUITests;
			productName = iDeliverMobileUITests;
			productReference = A9B267B11CCD0A1F00BBA4C4 /* iDeliverMobileUITests.xctest */;
			productType = "com.apple.product-type.bundle.ui-testing";
		};
/* End PBXNativeTarget section */

/* Begin PBXProject section */
		A9B2678A1CCD0A1F00BBA4C4 /* Project object */ = {
			isa = PBXProject;
			attributes = {
				LastSwiftUpdateCheck = 0730;
				LastUpgradeCheck = 0730;
				TargetAttributes = {
					A9B267911CCD0A1F00BBA4C4 = {
						CreatedOnToolsVersion = 7.3;
					};
					A9B267A51CCD0A1F00BBA4C4 = {
						CreatedOnToolsVersion = 7.3;
						TestTargetID = A9B267911CCD0A1F00BBA4C4;
					};
					A9B267B01CCD0A1F00BBA4C4 = {
						CreatedOnToolsVersion = 7.3;
						TestTargetID = A9B267911CCD0A1F00BBA4C4;
					};
				};
			};
			buildConfigurationList = A9B2678D1CCD0A1F00BBA4C4 /* Build configuration list for PBXProject "iDeliverMobile" */;
			compatibilityVersion = "Xcode 3.2";
			developmentRegion = English;
			hasScannedForEncodings = 0;
			knownRegions = (
				en,
				Base,
			);
			mainGroup = A9B267891CCD0A1F00BBA4C4;
			productRefGroup = A9B267931CCD0A1F00BBA4C4 /* Products */;
			projectDirPath = "";
			projectRoot = "";
			targets = (
				A9B267911CCD0A1F00BBA4C4 /* iDeliverMobile */,
				A9B267A51CCD0A1F00BBA4C4 /* iDeliverMobileTests */,
				A9B267B01CCD0A1F00BBA4C4 /* iDeliverMobileUITests */,
			);
		};
/* End PBXProject section */

/* Begin PBXResourcesBuildPhase section */
		A9B267901CCD0A1F00BBA4C4 /* Resources */ = {
			isa = PBXResourcesBuildPhase;
			buildActionMask = 2147483647;
			files = (
				A9B267A01CCD0A1F00BBA4C4 /* LaunchScreen.storyboard in Resources */,
				A9B2679D1CCD0A1F00BBA4C4 /* Assets.xcassets in Resources */,
				A9B2679B1CCD0A1F00BBA4C4 /* Main.storyboard in Resources */,
			);
			runOnlyForDeploymentPostprocessing = 0;
		};
		A9B267A41CCD0A1F00BBA4C4 /* Resources */ = {
			isa = PBXResourcesBuildPhase;
			buildActionMask = 2147483647;
			files = (
			);
			runOnlyForDeploymentPostprocessing = 0;
		};
		A9B267AF1CCD0A1F00BBA4C4 /* Resources */ = {
			isa = PBXResourcesBuildPhase;
			buildActionMask = 2147483647;
			files = (
			);
			runOnlyForDeploymentPostprocessing = 0;
		};
/* End PBXResourcesBuildPhase section */

/* Begin PBXSourcesBuildPhase section */
		A9B2678E1CCD0A1F00BBA4C4 /* Sources */ = {
			isa = PBXSourcesBuildPhase;
			buildActionMask = 2147483647;
			files = (
				A9B267981CCD0A1F00BBA4C4 /* ViewController.swift in Sources */,
				A9B267961CCD0A1F00BBA4C4 /* AppDelegate.swift in Sources */,
			);
			runOnlyForDeploymentPostprocessing = 0;
		};
		A9B267A21CCD0A1F00BBA4C4 /* Sources */ = {
			isa = PBXSourcesBuildPhase;
			buildActionMask = 2147483647;
			files = (
				A9B267AB1CCD0A1F00BBA4C4 /* iDeliverMobileTests.swift in Sources */,
			);
			runOnlyForDeploymentPostprocessing = 0;
		};
		A9B267AD1CCD0A1F00BBA4C4 /* Sources */ = {
			isa = PBXSourcesBuildPhase;
			buildActionMask = 2147483647;
			files = (
				A9B267B61CCD0A1F00BBA4C4 /* iDeliverMobileUITests.swift in Sources */,
			);
			runOnlyForDeploymentPostprocessing = 0;
		};
/* End PBXSourcesBuildPhase section */

/* Begin PBXTargetDependency section */
		A9B267A81CCD0A1F00BBA4C4 /* PBXTargetDependency */ = {
			isa = PBXTargetDependency;
			target = A9B267911CCD0A1F00BBA4C4 /* iDeliverMobile */;
			targetProxy = A9B267A71CCD0A1F00BBA4C4 /* PBXContainerItemProxy */;
		};
		A9B267B31CCD0A1F00BBA4C4 /* PBXTargetDependency */ = {
			isa = PBXTargetDependency;
			target = A9B267911CCD0A1F00BBA4C4 /* iDeliverMobile */;
			targetProxy = A9B267B21CCD0A1F00BBA4C4 /* PBXContainerItemProxy */;
		};
/* End PBXTargetDependency section */

/* Begin PBXVariantGroup section */
		A9B267991CCD0A1F00BBA4C4 /* Main.storyboard */ = {
			isa = PBXVariantGroup;
			children = (
				A9B2679A1CCD0A1F00BBA4C4 /* Base */,
			);
			name = Main.storyboard;
			sourceTree = "<group>";
		};
		A9B2679E1CCD0A1F00BBA4C4 /* LaunchScreen.storyboard */ = {
			isa = PBXVariantGroup;
			children = (
				A9B2679F1CCD0A1F00BBA4C4 /* Base */,
			);
			name = LaunchScreen.storyboard;
			sourceTree = "<group>";
		};
/* End PBXVariantGroup section */

/* Begin XCBuildConfiguration section */
		A9B267B81CCD0A1F00BBA4C4 /* Debug */ = {
			isa = XCBuildConfiguration;
			buildSettings = {
				ALWAYS_SEARCH_USER_PATHS = NO;
				CLANG_ANALYZER_NONNULL = YES;
				CLANG_CXX_LANGUAGE_STANDARD = "gnu++0x";
				CLANG_CXX_LIBRARY = "libc++";
				CLANG_ENABLE_MODULES = YES;
				CLANG_ENABLE_OBJC_ARC = YES;
				CLANG_WARN_BOOL_CONVERSION = YES;
				CLANG_WARN_CONSTANT_CONVERSION = YES;
				CLANG_WARN_DIRECT_OBJC_ISA_USAGE = YES_ERROR;
				CLANG_WARN_EMPTY_BODY = YES;
				CLANG_WARN_ENUM_CONVERSION = YES;
				CLANG_WARN_INT_CONVERSION = YES;
				CLANG_WARN_OBJC_ROOT_CLASS = YES_ERROR;
				CLANG_WARN_UNREACHABLE_CODE = YES;
				CLANG_WARN__DUPLICATE_METHOD_MATCH = YES;
				"CODE_SIGN_IDENTITY[sdk=iphoneos*]" = "iPhone Developer";
				COPY_PHASE_STRIP = NO;
				DEBUG_INFORMATION_FORMAT = dwarf;
				ENABLE_STRICT_OBJC_MSGSEND = YES;
				ENABLE_TESTABILITY = YES;
				GCC_C_LANGUAGE_STANDARD = gnu99;
				GCC_DYNAMIC_NO_PIC = NO;
				GCC_NO_COMMON_BLOCKS = YES;
				GCC_OPTIMIZATION_LEVEL = 0;
				GCC_PREPROCESSOR_DEFINITIONS = (
					"DEBUG=1",
					"$(inherited)",
				);
				GCC_WARN_64_TO_32_BIT_CONVERSION = YES;
				GCC_WARN_ABOUT_RETURN_TYPE = YES_ERROR;
				GCC_WARN_UNDECLARED_SELECTOR = YES;
				GCC_WARN_UNINITIALIZED_AUTOS = YES_AGGRESSIVE;
				GCC_WARN_UNUSED_FUNCTION = YES;
				GCC_WARN_UNUSED_VARIABLE = YES;
				IPHONEOS_DEPLOYMENT_TARGET = 9.3;
				MTL_ENABLE_DEBUG_INFO = YES;
				ONLY_ACTIVE_ARCH = YES;
				SDKROOT = iphoneos;
				SWIFT_OPTIMIZATION_LEVEL = "-Onone";
			};
			name = Debug;
		};
		A9B267B91CCD0A1F00BBA4C4 /* Release */ = {
			isa = XCBuildConfiguration;
			buildSettings = {
				ALWAYS_SEARCH_USER_PATHS = NO;
				CLANG_ANALYZER_NONNULL = YES;
				CLANG_CXX_LANGUAGE_STANDARD = "gnu++0x";
				CLANG_CXX_LIBRARY = "libc++";
				CLANG_ENABLE_MODULES = YES;
				CLANG_ENABLE_OBJC_ARC = YES;
				CLANG_WARN_BOOL_CONVERSION = YES;
				CLANG_WARN_CONSTANT_CONVERSION = YES;
				CLANG_WARN_DIRECT_OBJC_ISA_USAGE = YES_ERROR;
				CLANG_WARN_EMPTY_BODY = YES;
				CLANG_WARN_ENUM_CONVERSION = YES;
				CLANG_WARN_INT_CONVERSION = YES;
				CLANG_WARN_OBJC_ROOT_CLASS = YES_ERROR;
				CLANG_WARN_UNREACHABLE_CODE = YES;
				CLANG_WARN__DUPLICATE_METHOD_MATCH = YES;
				"CODE_SIGN_IDENTITY[sdk=iphoneos*]" = "iPhone Developer";
				COPY_PHASE_STRIP = NO;
				DEBUG_INFORMATION_FORMAT = "dwarf-with-dsym";
				ENABLE_NS_ASSERTIONS = NO;
				ENABLE_STRICT_OBJC_MSGSEND = YES;
				GCC_C_LANGUAGE_STANDARD = gnu99;
				GCC_NO_COMMON_BLOCKS = YES;
				GCC_WARN_64_TO_32_BIT_CONVERSION = YES;
				GCC_WARN_ABOUT_RETURN_TYPE = YES_ERROR;
				GCC_WARN_UNDECLARED_SELECTOR = YES;
				GCC_WARN_UNINITIALIZED_AUTOS = YES_AGGRESSIVE;
				GCC_WARN_UNUSED_FUNCTION = YES;
				GCC_WARN_UNUSED_VARIABLE = YES;
				IPHONEOS_DEPLOYMENT_TARGET = 9.3;
				MTL_ENABLE_DEBUG_INFO = NO;
				SDKROOT = iphoneos;
				VALIDATE_PRODUCT = YES;
			};
			name = Release;
		};
		A9B267BB1CCD0A1F00BBA4C4 /* Debug */ = {
			isa = XCBuildConfiguration;
			buildSettings = {
				ASSETCATALOG_COMPILER_APPICON_NAME = AppIcon;
				INFOPLIST_FILE = iDeliverMobile/Info.plist;
				LD_RUNPATH_SEARCH_PATHS = "$(inherited) @executable_path/Frameworks";
				PRODUCT_BUNDLE_IDENTIFIER = com.francis916.iDeliverMobile;
				PRODUCT_NAME = "$(TARGET_NAME)";
			};
			name = Debug;
		};
		A9B267BC1CCD0A1F00BBA4C4 /* Release */ = {
			isa = XCBuildConfiguration;
			buildSettings = {
				ASSETCATALOG_COMPILER_APPICON_NAME = AppIcon;
				INFOPLIST_FILE = iDeliverMobile/Info.plist;
				LD_RUNPATH_SEARCH_PATHS = "$(inherited) @executable_path/Frameworks";
				PRODUCT_BUNDLE_IDENTIFIER = com.francis916.iDeliverMobile;
				PRODUCT_NAME = "$(TARGET_NAME)";
			};
			name = Release;
		};
		A9B267BE1CCD0A1F00BBA4C4 /* Debug */ = {
			isa = XCBuildConfiguration;
			buildSettings = {
				BUNDLE_LOADER = "$(TEST_HOST)";
				INFOPLIST_FILE = iDeliverMobileTests/Info.plist;
				LD_RUNPATH_SEARCH_PATHS = "$(inherited) @executable_path/Frameworks @loader_path/Frameworks";
				PRODUCT_BUNDLE_IDENTIFIER = com.francis916.iDeliverMobileTests;
				PRODUCT_NAME = "$(TARGET_NAME)";
				TEST_HOST = "$(BUILT_PRODUCTS_DIR)/iDeliverMobile.app/iDeliverMobile";
			};
			name = Debug;
		};
		A9B267BF1CCD0A1F00BBA4C4 /* Release */ = {
			isa = XCBuildConfiguration;
			buildSettings = {
				BUNDLE_LOADER = "$(TEST_HOST)";
				INFOPLIST_FILE = iDeliverMobileTests/Info.plist;
				LD_RUNPATH_SEARCH_PATHS = "$(inherited) @executable_path/Frameworks @loader_path/Frameworks";
				PRODUCT_BUNDLE_IDENTIFIER = com.francis916.iDeliverMobileTests;
				PRODUCT_NAME = "$(TARGET_NAME)";
				TEST_HOST = "$(BUILT_PRODUCTS_DIR)/iDeliverMobile.app/iDeliverMobile";
			};
			name = Release;
		};
		A9B267C11CCD0A1F00BBA4C4 /* Debug */ = {
			isa = XCBuildConfiguration;
			buildSettings = {
				INFOPLIST_FILE = iDeliverMobileUITests/Info.plist;
				LD_RUNPATH_SEARCH_PATHS = "$(inherited) @executable_path/Frameworks @loader_path/Frameworks";
				PRODUCT_BUNDLE_IDENTIFIER = com.francis916.iDeliverMobileUITests;
				PRODUCT_NAME = "$(TARGET_NAME)";
				TEST_TARGET_NAME = iDeliverMobile;
			};
			name = Debug;
		};
		A9B267C21CCD0A1F00BBA4C4 /* Release */ = {
			isa = XCBuildConfiguration;
			buildSettings = {
				INFOPLIST_FILE = iDeliverMobileUITests/Info.plist;
				LD_RUNPATH_SEARCH_PATHS = "$(inherited) @executable_path/Frameworks @loader_path/Frameworks";
				PRODUCT_BUNDLE_IDENTIFIER = com.francis916.iDeliverMobileUITests;
				PRODUCT_NAME = "$(TARGET_NAME)";
				TEST_TARGET_NAME = iDeliverMobile;
			};
			name = Release;
		};
/* End XCBuildConfiguration section */

/* Begin XCConfigurationList section */
		A9B2678D1CCD0A1F00BBA4C4 /* Build configuration list for PBXProject "iDeliverMobile" */ = {
			isa = XCConfigurationList;
			buildConfigurations = (
				A9B267B81CCD0A1F00BBA4C4 /* Debug */,
				A9B267B91CCD0A1F00BBA4C4 /* Release */,
			);
			defaultConfigurationIsVisible = 0;
			defaultConfigurationName = Release;
		};
		A9B267BA1CCD0A1F00BBA4C4 /* Build configuration list for PBXNativeTarget "iDeliverMobile" */ = {
			isa = XCConfigurationList;
			buildConfigurations = (
				A9B267BB1CCD0A1F00BBA4C4 /* Debug */,
				A9B267BC1CCD0A1F00BBA4C4 /* Release */,
			);
			defaultConfigurationIsVisible = 0;
		};
		A9B267BD1CCD0A1F00BBA4C4 /* Build configuration list for PBXNativeTarget "iDeliverMobileTests" */ = {
			isa = XCConfigurationList;
			buildConfigurations = (
				A9B267BE1CCD0A1F00BBA4C4 /* Debug */,
				A9B267BF1CCD0A1F00BBA4C4 /* Release */,
			);
			defaultConfigurationIsVisible = 0;
		};
		A9B267C01CCD0A1F00BBA4C4 /* Build configuration list for PBXNativeTarget "iDeliverMobileUITests" */ = {
			isa = XCConfigurationList;
			buildConfigurations = (
				A9B267C11CCD0A1F00BBA4C4 /* Debug */,
				A9B267C21CCD0A1F00BBA4C4 /* Release */,
			);
			defaultConfigurationIsVisible = 0;
		};
/* End XCConfigurationList section */
	};
	rootObject = A9B2678A1CCD0A1F00BBA4C4 /* Project object */;
}
